
Microsoft Visual Studio Solution File, Format Version 12.00
# Visual Studio Version 17
VisualStudioVersion = 17.3.32922.545
MinimumVisualStudioVersion = 10.0.40219.1
Project("{FAE04EC0-301F-11D3-BF4B-00C04F79EFBC}") = "Serdiuk.NoteApp.WebApi", "Serdiuk.NoteApp.WebApi\Serdiuk.NoteApp.WebApi.csproj", "{4502C7C6-5478-4278-9540-786B6EC62DE9}"
EndProject
Project("{FAE04EC0-301F-11D3-BF4B-00C04F79EFBC}") = "Serdiuk.NoteApp.Appication", "Serdiuk.NoteApp.Appication\Serdiuk.NoteApp.Appication.csproj", "{B94F8F6A-674E-4091-849F-8C2A7C319972}"
EndProject
Project("{FAE04EC0-301F-11D3-BF4B-00C04F79EFBC}") = "Serdiuk.NoteApp.Infrastructure", "Serdiuk.NoteApp.Infrastructure\Serdiuk.NoteApp.Infrastructure.csproj", "{0BA9DCA3-ED6C-4552-87B5-89DC22763817}"
EndProject
Project("{FAE04EC0-301F-11D3-BF4B-00C04F79EFBC}") = "Serdiuk.NoteApp.IdentityServer", "Serdiuk.NoteApp.IdentityServer\Serdiuk.NoteApp.IdentityServer.csproj", "{827E41BF-B104-4931-B7AB-8E777AFF8D5B}"
EndProject
Project("{FAE04EC0-301F-11D3-BF4B-00C04F79EFBC}") = "Serdiuk.NoteApp.Tests", "Serdiuk.NoteApp.Tests\Serdiuk.NoteApp.Tests.csproj", "{493D582F-DA02-4954-BD72-28786C36CBA5}"
EndProject
Project("{FAE04EC0-301F-11D3-BF4B-00C04F79EFBC}") = "Serdiuk.NoteApp.Domain", "Serdiuk.NoteApp.Domain\Serdiuk.NoteApp.Domain.csproj", "{C910742D-915B-4242-8C32-4E8D4A9E2A49}"
EndProject
Global
	GlobalSection(SolutionConfigurationPlatforms) = preSolution
		Debug|Any CPU = Debug|Any CPU
		Release|Any CPU = Release|Any CPU
	EndGlobalSection
	GlobalSection(ProjectConfigurationPlatforms) = postSolution
		{4502C7C6-5478-4278-9540-786B6EC62DE9}.Debug|Any CPU.ActiveCfg = Debug|Any CPU
		{4502C7C6-5478-4278-9540-786B6EC62DE9}.Debug|Any CPU.Build.0 = Debug|Any CPU
		{4502C7C6-5478-4278-9540-786B6EC62DE9}.Release|Any CPU.ActiveCfg = Release|Any CPU
		{4502C7C6-5478-4278-9540-786B6EC62DE9}.Release|Any CPU.Build.0 = Release|Any CPU
		{B94F8F6A-674E-4091-849F-8C2A7C319972}.Debug|Any CPU.ActiveCfg = Debug|Any CPU
		{B94F8F6A-674E-4091-849F-8C2A7C319972}.Debug|Any CPU.Build.0 = Debug|Any CPU
		{B94F8F6A-674E-4091-849F-8C2A7C319972}.Release|Any CPU.ActiveCfg = Release|Any CPU
		{B94F8F6A-674E-4091-849F-8C2A7C319972}.Release|Any CPU.Build.0 = Release|Any CPU
		{0BA9DCA3-ED6C-4552-87B5-89DC22763817}.Debug|Any CPU.ActiveCfg = Debug|Any CPU
		{0BA9DCA3-ED6C-4552-87B5-89DC22763817}.Debug|Any CPU.Build.0 = Debug|Any CPU
		{0BA9DCA3-ED6C-4552-87B5-89DC22763817}.Release|Any CPU.ActiveCfg = Release|Any CPU
		{0BA9DCA3-ED6C-4552-87B5-89DC22763817}.Release|Any CPU.Build.0 = Release|Any CPU
		{827E41BF-B104-4931-B7AB-8E777AFF8D5B}.Debug|Any CPU.ActiveCfg = Debug|Any CPU
		{827E41BF-B104-4931-B7AB-8E777AFF8D5B}.Debug|Any CPU.Build.0 = Debug|Any CPU
		{827E41BF-B104-4931-B7AB-8E777AFF8D5B}.Release|Any CPU.ActiveCfg = Release|Any CPU
		{827E41BF-B104-4931-B7AB-8E777AFF8D5B}.Release|Any CPU.Build.0 = Release|Any CPU
		{493D582F-DA02-4954-BD72-28786C36CBA5}.Debug|Any CPU.ActiveCfg = Debug|Any CPU
		{493D582F-DA02-4954-BD72-28786C36CBA5}.Debug|Any CPU.Build.0 = Debug|Any CPU
		{493D582F-DA02-4954-BD72-28786C36CBA5}.Release|Any CPU.ActiveCfg = Release|Any CPU
		{493D582F-DA02-4954-BD72-28786C36CBA5}.Release|Any CPU.Build.0 = Release|Any CPU
		{C910742D-915B-4242-8C32-4E8D4A9E2A49}.Debug|Any CPU.ActiveCfg = Debug|Any CPU
		{C910742D-915B-4242-8C32-4E8D4A9E2A49}.Debug|Any CPU.Build.0 = Debug|Any CPU
		{C910742D-915B-4242-8C32-4E8D4A9E2A49}.Release|Any CPU.ActiveCfg = Release|Any CPU
		{C910742D-915B-4242-8C32-4E8D4A9E2A49}.Release|Any CPU.Build.0 = Release|Any CPU
	EndGlobalSection
	GlobalSection(SolutionProperties) = preSolution
		HideSolutionNode = FALSE
	EndGlobalSection
	GlobalSection(ExtensibilityGlobals) = postSolution
		SolutionGuid = {961548DA-7C0C-44D4-86B3-8971D7CE7D81}
	EndGlobalSection
EndGlobal
